{
  "requires": true,
  "lockfileVersion": 1,
  "dependencies": {
    "async": {
      "version": "2.5.0",
      "resolved": "https://registry.npmjs.org/async/-/async-2.5.0.tgz",
      "integrity": "sha512-e+lJAJeNWuPCNyxZKOBdaJGyLGHugXVQtrAwtuAe2vhxTYxFTKE73p8JuTmdH0qdQZtDvI4dhJwjZc5zsfIsYw==",
      "requires": {
        "lodash": "4.17.4"
      }
    },
    "clone": {
      "version": "2.1.1",
      "resolved": "https://registry.npmjs.org/clone/-/clone-2.1.1.tgz",
      "integrity": "sha1-0hfR6WERjjrJpLi7oyhVU79kfNs="
    },
    "homey-log": {
      "version": "1.0.1",
      "resolved": "https://registry.npmjs.org/homey-log/-/homey-log-1.0.1.tgz",
      "integrity": "sha1-lI58Swjvew9M0JG8+tQ6BsZI1ro=",
      "requires": {
        "raven": "0.12.3"
      },
      "dependencies": {
        "raven": {
          "version": "0.12.3",
          "resolved": "https://registry.npmjs.org/raven/-/raven-0.12.3.tgz",
          "integrity": "sha1-GnDwSiJA0pHYNgO0AWLEutpxMlw=",
          "requires": {
            "cookie": "0.3.1",
            "json-stringify-safe": "5.0.1",
            "lsmod": "1.0.0",
            "stack-trace": "0.0.9",
            "uuid": "3.0.0"
          },
          "dependencies": {
            "cookie": {
              "version": "0.3.1",
              "resolved": "https://registry.npmjs.org/cookie/-/cookie-0.3.1.tgz",
              "integrity": "sha1-5+Ch+e9DtMi6klxcWpboBtFoc7s="
            },
            "json-stringify-safe": {
              "version": "5.0.1",
              "resolved": "https://registry.npmjs.org/json-stringify-safe/-/json-stringify-safe-5.0.1.tgz",
              "integrity": "sha1-Epai1Y/UXxmg9s4B1lcB4sc1tus="
            },
            "lsmod": {
              "version": "1.0.0",
              "resolved": "https://registry.npmjs.org/lsmod/-/lsmod-1.0.0.tgz",
              "integrity": "sha1-mgD3bco26yP6BTUK/htYXUKZ5ks="
            },
            "stack-trace": {
              "version": "0.0.9",
              "resolved": "https://registry.npmjs.org/stack-trace/-/stack-trace-0.0.9.tgz",
              "integrity": "sha1-qPbq7KkGdMMz58Q5U/J1tFFRBpU="
            },
            "uuid": {
              "version": "3.0.0",
              "resolved": "https://registry.npmjs.org/uuid/-/uuid-3.0.0.tgz",
              "integrity": "sha1-Zyj8BFnEUNeWqZwxg3VpvfZy1yg="
            }
          }
        }
      }
    },
    "lodash": {
      "version": "4.17.4",
      "resolved": "https://registry.npmjs.org/lodash/-/lodash-4.17.4.tgz",
      "integrity": "sha1-eCA6TRwyiuHYbcpkYONptX9AVa4="
    },
    "node-lifx": {
      "version": "0.5.1",
      "resolved": "https://registry.npmjs.org/node-lifx/-/node-lifx-0.5.1.tgz",
      "integrity": "sha1-UZ71NzNrPB47Li4nulNKeMDhfS4=",
      "requires": {
        "eventemitter3": "1.2.0",
        "lodash": "4.13.1"
      },
      "dependencies": {
        "eventemitter3": {
          "version": "1.2.0",
          "resolved": "https://registry.npmjs.org/eventemitter3/-/eventemitter3-1.2.0.tgz",
          "integrity": "sha1-HIaZHYFq0eUEdQ5zh0Ik7PO+xQg="
        },
        "lodash": {
          "version": "4.13.1",
          "resolved": "https://registry.npmjs.org/lodash/-/lodash-4.13.1.tgz",
          "integrity": "sha1-g+SxCRP0hJbU0W/sSlYK8u50S2g="
        }
      }
    },
    "undefined": {
      "version": "0.1.0",
      "resolved": "https://registry.npmjs.org/undefined/-/undefined-0.1.0.tgz",
      "integrity": "sha1-m3BqSzKtMMIMpP5l3cu72sMr3tA="
    },
    "underscore": {
      "version": "1.8.3",
      "resolved": "https://registry.npmjs.org/underscore/-/underscore-1.8.3.tgz",
      "integrity": "sha1-Tz+1OxBuYJf8+ctBCfKl6b36UCI="
    },
    "utf8-binary-cutter": {
      "version": "0.9.1",
      "resolved": "https://registry.npmjs.org/utf8-binary-cutter/-/utf8-binary-cutter-0.9.1.tgz",
      "integrity": "sha1-db9FmFFWHIOr6pqYuaFzaMMsWg4=",
      "requires": {
        "lodash": "2.4.1"
      },
      "dependencies": {
        "lodash": {
          "version": "2.4.1",
          "resolved": "https://registry.npmjs.org/lodash/-/lodash-2.4.1.tgz",
          "integrity": "sha1-W3cjA03aTSYuWkb7LFjXzCL3FCA="
        }
      }
    }
  }
}
